
Microsoft Visual Studio Solution File, Format Version 12.00
# Visual Studio 2013
VisualStudioVersion = 12.0.31101.0
MinimumVisualStudioVersion = 10.0.40219.1
Project("{FAE04EC0-301F-11D3-BF4B-00C04F79EFBC}") = "Form", "OrderSoftManager\Form.csproj", "{D4F3A62E-92C5-44E7-9957-006CB7494AA6}"
EndProject
Project("{FAE04EC0-301F-11D3-BF4B-00C04F79EFBC}") = "Library", "Library\Library.csproj", "{BB5F7743-53D2-4694-BB02-3954A889C87F}"
EndProject
Project("{FAE04EC0-301F-11D3-BF4B-00C04F79EFBC}") = "Database", "Database\Database.csproj", "{E6974878-0373-450B-85FF-07D7FD5E43E0}"
EndProject
Project("{FAE04EC0-301F-11D3-BF4B-00C04F79EFBC}") = "Business", "Business\Business.csproj", "{CD89A902-A126-45C4-9808-F42F61F4889C}"
EndProject
Global
	GlobalSection(SolutionConfigurationPlatforms) = preSolution
		Debug|Any CPU = Debug|Any CPU
		Release|Any CPU = Release|Any CPU
	EndGlobalSection
	GlobalSection(ProjectConfigurationPlatforms) = postSolution
		{D4F3A62E-92C5-44E7-9957-006CB7494AA6}.Debug|Any CPU.ActiveCfg = Debug|Any CPU
		{D4F3A62E-92C5-44E7-9957-006CB7494AA6}.Debug|Any CPU.Build.0 = Debug|Any CPU
		{D4F3A62E-92C5-44E7-9957-006CB7494AA6}.Release|Any CPU.ActiveCfg = Release|Any CPU
		{D4F3A62E-92C5-44E7-9957-006CB7494AA6}.Release|Any CPU.Build.0 = Release|Any CPU
		{BB5F7743-53D2-4694-BB02-3954A889C87F}.Debug|Any CPU.ActiveCfg = Debug|Any CPU
		{BB5F7743-53D2-4694-BB02-3954A889C87F}.Debug|Any CPU.Build.0 = Debug|Any CPU
		{BB5F7743-53D2-4694-BB02-3954A889C87F}.Release|Any CPU.ActiveCfg = Release|Any CPU
		{BB5F7743-53D2-4694-BB02-3954A889C87F}.Release|Any CPU.Build.0 = Release|Any CPU
		{E6974878-0373-450B-85FF-07D7FD5E43E0}.Debug|Any CPU.ActiveCfg = Debug|Any CPU
		{E6974878-0373-450B-85FF-07D7FD5E43E0}.Debug|Any CPU.Build.0 = Debug|Any CPU
		{E6974878-0373-450B-85FF-07D7FD5E43E0}.Release|Any CPU.ActiveCfg = Release|Any CPU
		{E6974878-0373-450B-85FF-07D7FD5E43E0}.Release|Any CPU.Build.0 = Release|Any CPU
		{CD89A902-A126-45C4-9808-F42F61F4889C}.Debug|Any CPU.ActiveCfg = Debug|Any CPU
		{CD89A902-A126-45C4-9808-F42F61F4889C}.Debug|Any CPU.Build.0 = Debug|Any CPU
		{CD89A902-A126-45C4-9808-F42F61F4889C}.Release|Any CPU.ActiveCfg = Release|Any CPU
		{CD89A902-A126-45C4-9808-F42F61F4889C}.Release|Any CPU.Build.0 = Release|Any CPU
	EndGlobalSection
	GlobalSection(SolutionProperties) = preSolution
		HideSolutionNode = FALSE
	EndGlobalSection
EndGlobal
